
Microsoft Visual Studio Solution File, Format Version 12.00
# Visual Studio 15
VisualStudioVersion = 15.0.27703.2026
MinimumVisualStudioVersion = 10.0.40219.1
Project("{9A19103F-16F7-4668-BE54-9A1E7A4F7556}") = "CqrsDemo", "CqrsDemo\CqrsDemo.csproj", "{F3CC1E69-2BE2-412D-9454-43EDD48984D2}"
EndProject
Project("{9A19103F-16F7-4668-BE54-9A1E7A4F7556}") = "CqrsDemo.Test", "CqrsDemo.Test\CqrsDemo.Test.csproj", "{79C16BB1-9D73-49A8-90F4-05EF950F2AB6}"
EndProject
Project("{FAE04EC0-301F-11D3-BF4B-00C04F79EFBC}") = "Model", "Model\Model.csproj", "{CEB47CAD-03FF-4C0D-AFD9-29B524290366}"
EndProject
Project("{FAE04EC0-301F-11D3-BF4B-00C04F79EFBC}") = "Model.Test", "ModelValidatorTest\Model.Test.csproj", "{96BB9FD1-870F-4216-9D50-2E39C67A0D1B}"
EndProject
Global
	GlobalSection(SolutionConfigurationPlatforms) = preSolution
		Debug|Any CPU = Debug|Any CPU
		Release|Any CPU = Release|Any CPU
	EndGlobalSection
	GlobalSection(ProjectConfigurationPlatforms) = postSolution
		{F3CC1E69-2BE2-412D-9454-43EDD48984D2}.Debug|Any CPU.ActiveCfg = Debug|Any CPU
		{F3CC1E69-2BE2-412D-9454-43EDD48984D2}.Debug|Any CPU.Build.0 = Debug|Any CPU
		{F3CC1E69-2BE2-412D-9454-43EDD48984D2}.Release|Any CPU.ActiveCfg = Release|Any CPU
		{F3CC1E69-2BE2-412D-9454-43EDD48984D2}.Release|Any CPU.Build.0 = Release|Any CPU
		{79C16BB1-9D73-49A8-90F4-05EF950F2AB6}.Debug|Any CPU.ActiveCfg = Debug|Any CPU
		{79C16BB1-9D73-49A8-90F4-05EF950F2AB6}.Debug|Any CPU.Build.0 = Debug|Any CPU
		{79C16BB1-9D73-49A8-90F4-05EF950F2AB6}.Release|Any CPU.ActiveCfg = Release|Any CPU
		{79C16BB1-9D73-49A8-90F4-05EF950F2AB6}.Release|Any CPU.Build.0 = Release|Any CPU
		{CEB47CAD-03FF-4C0D-AFD9-29B524290366}.Debug|Any CPU.ActiveCfg = Debug|Any CPU
		{CEB47CAD-03FF-4C0D-AFD9-29B524290366}.Debug|Any CPU.Build.0 = Debug|Any CPU
		{CEB47CAD-03FF-4C0D-AFD9-29B524290366}.Release|Any CPU.ActiveCfg = Release|Any CPU
		{CEB47CAD-03FF-4C0D-AFD9-29B524290366}.Release|Any CPU.Build.0 = Release|Any CPU
		{96BB9FD1-870F-4216-9D50-2E39C67A0D1B}.Debug|Any CPU.ActiveCfg = Debug|Any CPU
		{96BB9FD1-870F-4216-9D50-2E39C67A0D1B}.Debug|Any CPU.Build.0 = Debug|Any CPU
		{96BB9FD1-870F-4216-9D50-2E39C67A0D1B}.Release|Any CPU.ActiveCfg = Release|Any CPU
		{96BB9FD1-870F-4216-9D50-2E39C67A0D1B}.Release|Any CPU.Build.0 = Release|Any CPU
	EndGlobalSection
	GlobalSection(SolutionProperties) = preSolution
		HideSolutionNode = FALSE
	EndGlobalSection
	GlobalSection(ExtensibilityGlobals) = postSolution
		SolutionGuid = {2A08AF5B-B00D-4D09-B4C7-B0345AF7E42A}
	EndGlobalSection
EndGlobal
